// !$*UTF8*$!
{
	archiveVersion = 1;
	classes = {
	};
	objectVersion = 77;
	objects = {

/* Begin PBXBuildFile section */
		7978CE902DB064CA00C7E6CE /* SDWebImage in Frameworks */ = {isa = PBXBuildFile; productRef = 7978CE8F2DB064CA00C7E6CE /* SDWebImage */; };
		7978CE922DB064CA00C7E6CE /* SDWebImageMapKit in Frameworks */ = {isa = PBXBuildFile; productRef = 7978CE912DB064CA00C7E6CE /* SDWebImageMapKit */; };
		79B19C142DB06CE500ED1984 /* .gitignore in Resources */ = {isa = PBXBuildFile; fileRef = 79B19C132DB06CDC00ED1984 /* .gitignore */; };
		79B19C162DB06D1700ED1984 /* .swiftlint in Resources */ = {isa = PBXBuildFile; fileRef = 79B19C152DB06D1200ED1984 /* .swiftlint */; };
/* End PBXBuildFile section */

/* Begin PBXContainerItemProxy section */
		7978CE4D2DB0644300C7E6CE /* PBXContainerItemProxy */ = {
			isa = PBXContainerItemProxy;
			containerPortal = 7978CE2E2DB0644000C7E6CE /* Project object */;
			proxyType = 1;
			remoteGlobalIDString = 7978CE352DB0644000C7E6CE;
			remoteInfo = "gallery-app";
		};
		7978CE572DB0644300C7E6CE /* PBXContainerItemProxy */ = {
			isa = PBXContainerItemProxy;
			containerPortal = 7978CE2E2DB0644000C7E6CE /* Project object */;
			proxyType = 1;
			remoteGlobalIDString = 7978CE352DB0644000C7E6CE;
			remoteInfo = "gallery-app";
		};
/* End PBXContainerItemProxy section */

/* Begin PBXFileReference section */
		7978CE362DB0644000C7E6CE /* gallery-app.app */ = {isa = PBXFileReference; explicitFileType = wrapper.application; includeInIndex = 0; path = "gallery-app.app"; sourceTree = BUILT_PRODUCTS_DIR; };
		7978CE4C2DB0644300C7E6CE /* gallery-appTests.xctest */ = {isa = PBXFileReference; explicitFileType = wrapper.cfbundle; includeInIndex = 0; path = "gallery-appTests.xctest"; sourceTree = BUILT_PRODUCTS_DIR; };
		7978CE562DB0644300C7E6CE /* gallery-appUITests.xctest */ = {isa = PBXFileReference; explicitFileType = wrapper.cfbundle; includeInIndex = 0; path = "gallery-appUITests.xctest"; sourceTree = BUILT_PRODUCTS_DIR; };
		79B19C132DB06CDC00ED1984 /* .gitignore */ = {isa = PBXFileReference; lastKnownFileType = text; path = .gitignore; sourceTree = "<group>"; };
		79B19C152DB06D1200ED1984 /* .swiftlint */ = {isa = PBXFileReference; lastKnownFileType = text; path = .swiftlint; sourceTree = "<group>"; };
/* End PBXFileReference section */

/* Begin PBXFileSystemSynchronizedBuildFileExceptionSet section */
		7978CE5E2DB0644300C7E6CE /* Exceptions for "gallery-app" folder in "gallery-app" target */ = {
			isa = PBXFileSystemSynchronizedBuildFileExceptionSet;
			membershipExceptions = (
				Info.plist,
			);
			target = 7978CE352DB0644000C7E6CE /* gallery-app */;
		};
/* End PBXFileSystemSynchronizedBuildFileExceptionSet section */

/* Begin PBXFileSystemSynchronizedRootGroup section */
		7978CE382DB0644000C7E6CE /* gallery-app */ = {
			isa = PBXFileSystemSynchronizedRootGroup;
			exceptions = (
				7978CE5E2DB0644300C7E6CE /* Exceptions for "gallery-app" folder in "gallery-app" target */,
			);
			path = "gallery-app";
			sourceTree = "<group>";
		};
		7978CE4F2DB0644300C7E6CE /* gallery-appTests */ = {
			isa = PBXFileSystemSynchronizedRootGroup;
			path = "gallery-appTests";
			sourceTree = "<group>";
		};
		7978CE592DB0644300C7E6CE /* gallery-appUITests */ = {
			isa = PBXFileSystemSynchronizedRootGroup;
			path = "gallery-appUITests";
			sourceTree = "<group>";
		};
/* End PBXFileSystemSynchronizedRootGroup section */

/* Begin PBXFrameworksBuildPhase section */
		7978CE332DB0644000C7E6CE /* Frameworks */ = {
			isa = PBXFrameworksBuildPhase;
			buildActionMask = 2147483647;
			files = (
				7978CE922DB064CA00C7E6CE /* SDWebImageMapKit in Frameworks */,
				7978CE902DB064CA00C7E6CE /* SDWebImage in Frameworks */,
			);
			runOnlyForDeploymentPostprocessing = 0;
		};
		7978CE492DB0644300C7E6CE /* Frameworks */ = {
			isa = PBXFrameworksBuildPhase;
			buildActionMask = 2147483647;
			files = (
			);
			runOnlyForDeploymentPostprocessing = 0;
		};
		7978CE532DB0644300C7E6CE /* Frameworks */ = {
			isa = PBXFrameworksBuildPhase;
			buildActionMask = 2147483647;
			files = (
			);
			runOnlyForDeploymentPostprocessing = 0;
		};
/* End PBXFrameworksBuildPhase section */

/* Begin PBXGroup section */
		7978CE2D2DB0644000C7E6CE = {
			isa = PBXGroup;
			children = (
				79B19C152DB06D1200ED1984 /* .swiftlint */,
				79B19C132DB06CDC00ED1984 /* .gitignore */,
				7978CE382DB0644000C7E6CE /* gallery-app */,
				7978CE4F2DB0644300C7E6CE /* gallery-appTests */,
				7978CE592DB0644300C7E6CE /* gallery-appUITests */,
				7978CE372DB0644000C7E6CE /* Products */,
			);
			sourceTree = "<group>";
		};
		7978CE372DB0644000C7E6CE /* Products */ = {
			isa = PBXGroup;
			children = (
				7978CE362DB0644000C7E6CE /* gallery-app.app */,
				7978CE4C2DB0644300C7E6CE /* gallery-appTests.xctest */,
				7978CE562DB0644300C7E6CE /* gallery-appUITests.xctest */,
			);
			name = Products;
			sourceTree = "<group>";
		};
/* End PBXGroup section */

/* Begin PBXNativeTarget section */
		7978CE352DB0644000C7E6CE /* gallery-app */ = {
			isa = PBXNativeTarget;
			buildConfigurationList = 7978CE5F2DB0644300C7E6CE /* Build configuration list for PBXNativeTarget "gallery-app" */;
			buildPhases = (
				7978CE322DB0644000C7E6CE /* Sources */,
				7978CE332DB0644000C7E6CE /* Frameworks */,
				7978CE342DB0644000C7E6CE /* Resources */,
			);
			buildRules = (
			);
			dependencies = (
			);
			fileSystemSynchronizedGroups = (
				7978CE382DB0644000C7E6CE /* gallery-app */,
			);
			name = "gallery-app";
			packageProductDependencies = (
				7978CE8F2DB064CA00C7E6CE /* SDWebImage */,
				7978CE912DB064CA00C7E6CE /* SDWebImageMapKit */,
			);
			productName = "gallery-app";
			productReference = 7978CE362DB0644000C7E6CE /* gallery-app.app */;
			productType = "com.apple.product-type.application";
		};
		7978CE4B2DB0644300C7E6CE /* gallery-appTests */ = {
			isa = PBXNativeTarget;
			buildConfigurationList = 7978CE642DB0644300C7E6CE /* Build configuration list for PBXNativeTarget "gallery-appTests" */;
			buildPhases = (
				7978CE482DB0644300C7E6CE /* Sources */,
				7978CE492DB0644300C7E6CE /* Frameworks */,
				7978CE4A2DB0644300C7E6CE /* Resources */,
			);
			buildRules = (
			);
			dependencies = (
				7978CE4E2DB0644300C7E6CE /* PBXTargetDependency */,
			);
			fileSystemSynchronizedGroups = (
				7978CE4F2DB0644300C7E6CE /* gallery-appTests */,
			);
			name = "gallery-appTests";
			packageProductDependencies = (
			);
			productName = "gallery-appTests";
			productReference = 7978CE4C2DB0644300C7E6CE /* gallery-appTests.xctest */;
			productType = "com.apple.product-type.bundle.unit-test";
		};
		7978CE552DB0644300C7E6CE /* gallery-appUITests */ = {
			isa = PBXNativeTarget;
			buildConfigurationList = 7978CE672DB0644300C7E6CE /* Build configuration list for PBXNativeTarget "gallery-appUITests" */;
			buildPhases = (
				7978CE522DB0644300C7E6CE /* Sources */,
				7978CE532DB0644300C7E6CE /* Frameworks */,
				7978CE542DB0644300C7E6CE /* Resources */,
			);
			buildRules = (
			);
			dependencies = (
				7978CE582DB0644300C7E6CE /* PBXTargetDependency */,
			);
			fileSystemSynchronizedGroups = (
				7978CE592DB0644300C7E6CE /* gallery-appUITests */,
			);
			name = "gallery-appUITests";
			packageProductDependencies = (
			);
			productName = "gallery-appUITests";
			productReference = 7978CE562DB0644300C7E6CE /* gallery-appUITests.xctest */;
			productType = "com.apple.product-type.bundle.ui-testing";
		};
/* End PBXNativeTarget section */

/* Begin PBXProject section */
		7978CE2E2DB0644000C7E6CE /* Project object */ = {
			isa = PBXProject;
			attributes = {
				BuildIndependentTargetsInParallel = 1;
				LastSwiftUpdateCheck = 1630;
				LastUpgradeCheck = 1630;
				TargetAttributes = {
					7978CE352DB0644000C7E6CE = {
						CreatedOnToolsVersion = 16.3;
					};
					7978CE4B2DB0644300C7E6CE = {
						CreatedOnToolsVersion = 16.3;
						TestTargetID = 7978CE352DB0644000C7E6CE;
					};
					7978CE552DB0644300C7E6CE = {
						CreatedOnToolsVersion = 16.3;
						TestTargetID = 7978CE352DB0644000C7E6CE;
					};
				};
			};
			buildConfigurationList = 7978CE312DB0644000C7E6CE /* Build configuration list for PBXProject "gallery-app" */;
			developmentRegion = en;
			hasScannedForEncodings = 0;
			knownRegions = (
				en,
				Base,
			);
			mainGroup = 7978CE2D2DB0644000C7E6CE;
			minimizedProjectReferenceProxies = 1;
			packageReferences = (
				7978CE8E2DB064CA00C7E6CE /* XCRemoteSwiftPackageReference "SDWebImage" */,
			);
			preferredProjectObjectVersion = 77;
			productRefGroup = 7978CE372DB0644000C7E6CE /* Products */;
			projectDirPath = "";
			projectRoot = "";
			targets = (
				7978CE352DB0644000C7E6CE /* gallery-app */,
				7978CE4B2DB0644300C7E6CE /* gallery-appTests */,
				7978CE552DB0644300C7E6CE /* gallery-appUITests */,
			);
		};
/* End PBXProject section */

/* Begin PBXResourcesBuildPhase section */
		7978CE342DB0644000C7E6CE /* Resources */ = {
			isa = PBXResourcesBuildPhase;
			buildActionMask = 2147483647;
			files = (
				79B19C142DB06CE500ED1984 /* .gitignore in Resources */,
				79B19C162DB06D1700ED1984 /* .swiftlint in Resources */,
			);
			runOnlyForDeploymentPostprocessing = 0;
		};
		7978CE4A2DB0644300C7E6CE /* Resources */ = {
			isa = PBXResourcesBuildPhase;
			buildActionMask = 2147483647;
			files = (
			);
			runOnlyForDeploymentPostprocessing = 0;
		};
		7978CE542DB0644300C7E6CE /* Resources */ = {
			isa = PBXResourcesBuildPhase;
			buildActionMask = 2147483647;
			files = (
			);
			runOnlyForDeploymentPostprocessing = 0;
		};
/* End PBXResourcesBuildPhase section */

/* Begin PBXSourcesBuildPhase section */
		7978CE322DB0644000C7E6CE /* Sources */ = {
			isa = PBXSourcesBuildPhase;
			buildActionMask = 2147483647;
			files = (
			);
			runOnlyForDeploymentPostprocessing = 0;
		};
		7978CE482DB0644300C7E6CE /* Sources */ = {
			isa = PBXSourcesBuildPhase;
			buildActionMask = 2147483647;
			files = (
			);
			runOnlyForDeploymentPostprocessing = 0;
		};
		7978CE522DB0644300C7E6CE /* Sources */ = {
			isa = PBXSourcesBuildPhase;
			buildActionMask = 2147483647;
			files = (
			);
			runOnlyForDeploymentPostprocessing = 0;
		};
/* End PBXSourcesBuildPhase section */

/* Begin PBXTargetDependency section */
		7978CE4E2DB0644300C7E6CE /* PBXTargetDependency */ = {
			isa = PBXTargetDependency;
			target = 7978CE352DB0644000C7E6CE /* gallery-app */;
			targetProxy = 7978CE4D2DB0644300C7E6CE /* PBXContainerItemProxy */;
		};
		7978CE582DB0644300C7E6CE /* PBXTargetDependency */ = {
			isa = PBXTargetDependency;
			target = 7978CE352DB0644000C7E6CE /* gallery-app */;
			targetProxy = 7978CE572DB0644300C7E6CE /* PBXContainerItemProxy */;
		};
/* End PBXTargetDependency section */

/* Begin XCBuildConfiguration section */
		7978CE602DB0644300C7E6CE /* Debug */ = {
			isa = XCBuildConfiguration;
			buildSettings = {
				ASSETCATALOG_COMPILER_APPICON_NAME = AppIcon;
				ASSETCATALOG_COMPILER_GLOBAL_ACCENT_COLOR_NAME = AccentColor;
				CODE_SIGN_STYLE = Automatic;
				CURRENT_PROJECT_VERSION = 1;
				DEVELOPMENT_TEAM = GM5Y9SGA79;
				GENERATE_INFOPLIST_FILE = YES;
				INFOPLIST_FILE = "gallery-app/Info.plist";
				INFOPLIST_KEY_UIApplicationSupportsIndirectInputEvents = YES;
				INFOPLIST_KEY_UILaunchStoryboardName = LaunchScreen;
				INFOPLIST_KEY_UIMainStoryboardFile = Main;
				INFOPLIST_KEY_UISupportedInterfaceOrientations_iPad = "UIInterfaceOrientationPortrait UIInterfaceOrientationPortraitUpsideDown UIInterfaceOrientationLandscapeLeft UIInterfaceOrientationLandscapeRight";
				INFOPLIST_KEY_UISupportedInterfaceOrientations_iPhone = "UIInterfaceOrientationPortrait UIInterfaceOrientationLandscapeLeft UIInterfaceOrientationLandscapeRight";
				LD_RUNPATH_SEARCH_PATHS = (
					"$(inherited)",
					"@executable_path/Frameworks",
				);
				MARKETING_VERSION = 1.0;
				PRODUCT_BUNDLE_IDENTIFIER = "maryia.gallery-app";
				PRODUCT_NAME = "$(TARGET_NAME)";
				SWIFT_EMIT_LOC_STRINGS = YES;
				SWIFT_VERSION = 5.0;
				TARGETED_DEVICE_FAMILY = "1,2";
				UNSPLASH_API_KEY = "asJX2ASnZwVMqrouSCQGaRlm0O-sp7sQD-0ZZStS2F4";
			};
			name = Debug;
		};
		7978CE612DB0644300C7E6CE /* Release */ = {
			isa = XCBuildConfiguration;
			buildSettings = {
				ASSETCATALOG_COMPILER_APPICON_NAME = AppIcon;
				ASSETCATALOG_COMPILER_GLOBAL_ACCENT_COLOR_NAME = AccentColor;
				CODE_SIGN_STYLE = Automatic;
				CURRENT_PROJECT_VERSION = 1;
				DEVELOPMENT_TEAM = GM5Y9SGA79;
				GENERATE_INFOPLIST_FILE = YES;
				INFOPLIST_FILE = "gallery-app/Info.plist";
				INFOPLIST_KEY_UIApplicationSupportsIndirectInputEvents = YES;
				INFOPLIST_KEY_UILaunchStoryboardName = LaunchScreen;
				INFOPLIST_KEY_UIMainStoryboardFile = Main;
				INFOPLIST_KEY_UISupportedInterfaceOrientations_iPad = "UIInterfaceOrientationPortrait UIInterfaceOrientationPortraitUpsideDown UIInterfaceOrientationLandscapeLeft UIInterfaceOrientationLandscapeRight";
				INFOPLIST_KEY_UISupportedInterfaceOrientations_iPhone = "UIInterfaceOrientationPortrait UIInterfaceOrientationLandscapeLeft UIInterfaceOrientationLandscapeRight";
				LD_RUNPATH_SEARCH_PATHS = (
					"$(inherited)",
					"@executable_path/Frameworks",
				);
				MARKETING_VERSION = 1.0;
				PRODUCT_BUNDLE_IDENTIFIER = "maryia.gallery-app";
				PRODUCT_NAME = "$(TARGET_NAME)";
				SWIFT_EMIT_LOC_STRINGS = YES;
				SWIFT_VERSION = 5.0;
				TARGETED_DEVICE_FAMILY = "1,2";
				UNSPLASH_API_KEY = "asJX2ASnZwVMqrouSCQGaRlm0O-sp7sQD-0ZZStS2F4";
			};
			name = Release;
		};
		7978CE622DB0644300C7E6CE /* Debug */ = {
			isa = XCBuildConfiguration;
			buildSettings = {
				ALWAYS_SEARCH_USER_PATHS = NO;
				ASSETCATALOG_COMPILER_GENERATE_SWIFT_ASSET_SYMBOL_EXTENSIONS = YES;
				CLANG_ANALYZER_NONNULL = YES;
				CLANG_ANALYZER_NUMBER_OBJECT_CONVERSION = YES_AGGRESSIVE;
				CLANG_CXX_LANGUAGE_STANDARD = "gnu++20";
				CLANG_ENABLE_MODULES = YES;
				CLANG_ENABLE_OBJC_ARC = YES;
				CLANG_ENABLE_OBJC_WEAK = YES;
				CLANG_WARN_BLOCK_CAPTURE_AUTORELEASING = YES;
				CLANG_WARN_BOOL_CONVERSION = YES;
				CLANG_WARN_COMMA = YES;
				CLANG_WARN_CONSTANT_CONVERSION = YES;
				CLANG_WARN_DEPRECATED_OBJC_IMPLEMENTATIONS = YES;
				CLANG_WARN_DIRECT_OBJC_ISA_USAGE = YES_ERROR;
				CLANG_WARN_DOCUMENTATION_COMMENTS = YES;
				CLANG_WARN_EMPTY_BODY = YES;
				CLANG_WARN_ENUM_CONVERSION = YES;
				CLANG_WARN_INFINITE_RECURSION = YES;
				CLANG_WARN_INT_CONVERSION = YES;
				CLANG_WARN_NON_LITERAL_NULL_CONVERSION = YES;
				CLANG_WARN_OBJC_IMPLICIT_RETAIN_SELF = YES;
				CLANG_WARN_OBJC_LITERAL_CONVERSION = YES;
				CLANG_WARN_OBJC_ROOT_CLASS = YES_ERROR;
				CLANG_WARN_QUOTED_INCLUDE_IN_FRAMEWORK_HEADER = YES;
				CLANG_WARN_RANGE_LOOP_ANALYSIS = YES;
				CLANG_WARN_STRICT_PROTOTYPES = YES;
				CLANG_WARN_SUSPICIOUS_MOVE = YES;
				CLANG_WARN_UNGUARDED_AVAILABILITY = YES_AGGRESSIVE;
				CLANG_WARN_UNREACHABLE_CODE = YES;
				CLANG_WARN__DUPLICATE_METHOD_MATCH = YES;
				COPY_PHASE_STRIP = NO;
				DEBUG_INFORMATION_FORMAT = dwarf;
				DEVELOPMENT_TEAM = GM5Y9SGA79;
				ENABLE_STRICT_OBJC_MSGSEND = YES;
				ENABLE_TESTABILITY = YES;
				ENABLE_USER_SCRIPT_SANDBOXING = YES;
				GCC_C_LANGUAGE_STANDARD = gnu17;
				GCC_DYNAMIC_NO_PIC = NO;
				GCC_NO_COMMON_BLOCKS = YES;
				GCC_OPTIMIZATION_LEVEL = 0;
				GCC_PREPROCESSOR_DEFINITIONS = (
					"DEBUG=1",
					"$(inherited)",
				);
				GCC_WARN_64_TO_32_BIT_CONVERSION = YES;
				GCC_WARN_ABOUT_RETURN_TYPE = YES_ERROR;
				GCC_WARN_UNDECLARED_SELECTOR = YES;
				GCC_WARN_UNINITIALIZED_AUTOS = YES_AGGRESSIVE;
				GCC_WARN_UNUSED_FUNCTION = YES;
				GCC_WARN_UNUSED_VARIABLE = YES;
				IPHONEOS_DEPLOYMENT_TARGET = 18.4;
				LOCALIZATION_PREFERS_STRING_CATALOGS = YES;
				MTL_ENABLE_DEBUG_INFO = INCLUDE_SOURCE;
				MTL_FAST_MATH = YES;
				ONLY_ACTIVE_ARCH = YES;
				SDKROOT = iphoneos;
				SWIFT_ACTIVE_COMPILATION_CONDITIONS = "DEBUG $(inherited)";
				SWIFT_OPTIMIZATION_LEVEL = "-Onone";
			};
			name = Debug;
		};
		7978CE632DB0644300C7E6CE /* Release */ = {
			isa = XCBuildConfiguration;
			buildSettings = {
				ALWAYS_SEARCH_USER_PATHS = NO;
				ASSETCATALOG_COMPILER_GENERATE_SWIFT_ASSET_SYMBOL_EXTENSIONS = YES;
				CLANG_ANALYZER_NONNULL = YES;
				CLANG_ANALYZER_NUMBER_OBJECT_CONVERSION = YES_AGGRESSIVE;
				CLANG_CXX_LANGUAGE_STANDARD = "gnu++20";
				CLANG_ENABLE_MODULES = YES;
				CLANG_ENABLE_OBJC_ARC = YES;
				CLANG_ENABLE_OBJC_WEAK = YES;
				CLANG_WARN_BLOCK_CAPTURE_AUTORELEASING = YES;
				CLANG_WARN_BOOL_CONVERSION = YES;
				CLANG_WARN_COMMA = YES;
				CLANG_WARN_CONSTANT_CONVERSION = YES;
				CLANG_WARN_DEPRECATED_OBJC_IMPLEMENTATIONS = YES;
				CLANG_WARN_DIRECT_OBJC_ISA_USAGE = YES_ERROR;
				CLANG_WARN_DOCUMENTATION_COMMENTS = YES;
				CLANG_WARN_EMPTY_BODY = YES;
				CLANG_WARN_ENUM_CONVERSION = YES;
				CLANG_WARN_INFINITE_RECURSION = YES;
				CLANG_WARN_INT_CONVERSION = YES;
				CLANG_WARN_NON_LITERAL_NULL_CONVERSION = YES;
				CLANG_WARN_OBJC_IMPLICIT_RETAIN_SELF = YES;
				CLANG_WARN_OBJC_LITERAL_CONVERSION = YES;
				CLANG_WARN_OBJC_ROOT_CLASS = YES_ERROR;
				CLANG_WARN_QUOTED_INCLUDE_IN_FRAMEWORK_HEADER = YES;
				CLANG_WARN_RANGE_LOOP_ANALYSIS = YES;
				CLANG_WARN_STRICT_PROTOTYPES = YES;
				CLANG_WARN_SUSPICIOUS_MOVE = YES;
				CLANG_WARN_UNGUARDED_AVAILABILITY = YES_AGGRESSIVE;
				CLANG_WARN_UNREACHABLE_CODE = YES;
				CLANG_WARN__DUPLICATE_METHOD_MATCH = YES;
				COPY_PHASE_STRIP = NO;
				DEBUG_INFORMATION_FORMAT = "dwarf-with-dsym";
				DEVELOPMENT_TEAM = GM5Y9SGA79;
				ENABLE_NS_ASSERTIONS = NO;
				ENABLE_STRICT_OBJC_MSGSEND = YES;
				ENABLE_USER_SCRIPT_SANDBOXING = YES;
				GCC_C_LANGUAGE_STANDARD = gnu17;
				GCC_NO_COMMON_BLOCKS = YES;
				GCC_WARN_64_TO_32_BIT_CONVERSION = YES;
				GCC_WARN_ABOUT_RETURN_TYPE = YES_ERROR;
				GCC_WARN_UNDECLARED_SELECTOR = YES;
				GCC_WARN_UNINITIALIZED_AUTOS = YES_AGGRESSIVE;
				GCC_WARN_UNUSED_FUNCTION = YES;
				GCC_WARN_UNUSED_VARIABLE = YES;
				IPHONEOS_DEPLOYMENT_TARGET = 18.4;
				LOCALIZATION_PREFERS_STRING_CATALOGS = YES;
				MTL_ENABLE_DEBUG_INFO = NO;
				MTL_FAST_MATH = YES;
				SDKROOT = iphoneos;
				SWIFT_COMPILATION_MODE = wholemodule;
				VALIDATE_PRODUCT = YES;
			};
			name = Release;
		};
		7978CE652DB0644300C7E6CE /* Debug */ = {
			isa = XCBuildConfiguration;
			buildSettings = {
				BUNDLE_LOADER = "$(TEST_HOST)";
				CODE_SIGN_STYLE = Automatic;
				CURRENT_PROJECT_VERSION = 1;
				DEVELOPMENT_TEAM = GM5Y9SGA79;
				GENERATE_INFOPLIST_FILE = YES;
				IPHONEOS_DEPLOYMENT_TARGET = 18.4;
				MARKETING_VERSION = 1.0;
				PRODUCT_BUNDLE_IDENTIFIER = "maryia.gallery-appTests";
				PRODUCT_NAME = "$(TARGET_NAME)";
				SWIFT_EMIT_LOC_STRINGS = NO;
				SWIFT_VERSION = 5.0;
				TARGETED_DEVICE_FAMILY = "1,2";
				TEST_HOST = "$(BUILT_PRODUCTS_DIR)/gallery-app.app/$(BUNDLE_EXECUTABLE_FOLDER_PATH)/gallery-app";
			};
			name = Debug;
		};
		7978CE662DB0644300C7E6CE /* Release */ = {
			isa = XCBuildConfiguration;
			buildSettings = {
				BUNDLE_LOADER = "$(TEST_HOST)";
				CODE_SIGN_STYLE = Automatic;
				CURRENT_PROJECT_VERSION = 1;
				DEVELOPMENT_TEAM = GM5Y9SGA79;
				GENERATE_INFOPLIST_FILE = YES;
				IPHONEOS_DEPLOYMENT_TARGET = 18.4;
				MARKETING_VERSION = 1.0;
				PRODUCT_BUNDLE_IDENTIFIER = "maryia.gallery-appTests";
				PRODUCT_NAME = "$(TARGET_NAME)";
				SWIFT_EMIT_LOC_STRINGS = NO;
				SWIFT_VERSION = 5.0;
				TARGETED_DEVICE_FAMILY = "1,2";
				TEST_HOST = "$(BUILT_PRODUCTS_DIR)/gallery-app.app/$(BUNDLE_EXECUTABLE_FOLDER_PATH)/gallery-app";
			};
			name = Release;
		};
		7978CE682DB0644300C7E6CE /* Debug */ = {
			isa = XCBuildConfiguration;
			buildSettings = {
				CODE_SIGN_STYLE = Automatic;
				CURRENT_PROJECT_VERSION = 1;
				DEVELOPMENT_TEAM = GM5Y9SGA79;
				GENERATE_INFOPLIST_FILE = YES;
				MARKETING_VERSION = 1.0;
				PRODUCT_BUNDLE_IDENTIFIER = "maryia.gallery-appUITests";
				PRODUCT_NAME = "$(TARGET_NAME)";
				SWIFT_EMIT_LOC_STRINGS = NO;
				SWIFT_VERSION = 5.0;
				TARGETED_DEVICE_FAMILY = "1,2";
				TEST_TARGET_NAME = "gallery-app";
			};
			name = Debug;
		};
		7978CE692DB0644300C7E6CE /* Release */ = {
			isa = XCBuildConfiguration;
			buildSettings = {
				CODE_SIGN_STYLE = Automatic;
				CURRENT_PROJECT_VERSION = 1;
				DEVELOPMENT_TEAM = GM5Y9SGA79;
				GENERATE_INFOPLIST_FILE = YES;
				MARKETING_VERSION = 1.0;
				PRODUCT_BUNDLE_IDENTIFIER = "maryia.gallery-appUITests";
				PRODUCT_NAME = "$(TARGET_NAME)";
				SWIFT_EMIT_LOC_STRINGS = NO;
				SWIFT_VERSION = 5.0;
				TARGETED_DEVICE_FAMILY = "1,2";
				TEST_TARGET_NAME = "gallery-app";
			};
			name = Release;
		};
/* End XCBuildConfiguration section */

/* Begin XCConfigurationList section */
		7978CE312DB0644000C7E6CE /* Build configuration list for PBXProject "gallery-app" */ = {
			isa = XCConfigurationList;
			buildConfigurations = (
				7978CE622DB0644300C7E6CE /* Debug */,
				7978CE632DB0644300C7E6CE /* Release */,
			);
			defaultConfigurationIsVisible = 0;
			defaultConfigurationName = Release;
		};
		7978CE5F2DB0644300C7E6CE /* Build configuration list for PBXNativeTarget "gallery-app" */ = {
			isa = XCConfigurationList;
			buildConfigurations = (
				7978CE602DB0644300C7E6CE /* Debug */,
				7978CE612DB0644300C7E6CE /* Release */,
			);
			defaultConfigurationIsVisible = 0;
			defaultConfigurationName = Release;
		};
		7978CE642DB0644300C7E6CE /* Build configuration list for PBXNativeTarget "gallery-appTests" */ = {
			isa = XCConfigurationList;
			buildConfigurations = (
				7978CE652DB0644300C7E6CE /* Debug */,
				7978CE662DB0644300C7E6CE /* Release */,
			);
			defaultConfigurationIsVisible = 0;
			defaultConfigurationName = Release;
		};
		7978CE672DB0644300C7E6CE /* Build configuration list for PBXNativeTarget "gallery-appUITests" */ = {
			isa = XCConfigurationList;
			buildConfigurations = (
				7978CE682DB0644300C7E6CE /* Debug */,
				7978CE692DB0644300C7E6CE /* Release */,
			);
			defaultConfigurationIsVisible = 0;
			defaultConfigurationName = Release;
		};
/* End XCConfigurationList section */

/* Begin XCRemoteSwiftPackageReference section */
		7978CE8E2DB064CA00C7E6CE /* XCRemoteSwiftPackageReference "SDWebImage" */ = {
			isa = XCRemoteSwiftPackageReference;
			repositoryURL = "https://github.com/SDWebImage/SDWebImage.git";
			requirement = {
				kind = upToNextMajorVersion;
				minimumVersion = 5.21.0;
			};
		};
/* End XCRemoteSwiftPackageReference section */

/* Begin XCSwiftPackageProductDependency section */
		7978CE8F2DB064CA00C7E6CE /* SDWebImage */ = {
			isa = XCSwiftPackageProductDependency;
			package = 7978CE8E2DB064CA00C7E6CE /* XCRemoteSwiftPackageReference "SDWebImage" */;
			productName = SDWebImage;
		};
		7978CE912DB064CA00C7E6CE /* SDWebImageMapKit */ = {
			isa = XCSwiftPackageProductDependency;
			package = 7978CE8E2DB064CA00C7E6CE /* XCRemoteSwiftPackageReference "SDWebImage" */;
			productName = SDWebImageMapKit;
		};
/* End XCSwiftPackageProductDependency section */
	};
	rootObject = 7978CE2E2DB0644000C7E6CE /* Project object */;
}
